
Microsoft Visual Studio Solution File, Format Version 12.00
# Visual Studio 15
VisualStudioVersion = 15.0.28307.1169
MinimumVisualStudioVersion = 10.0.40219.1
Project("{FAE04EC0-301F-11D3-BF4B-00C04F79EFBC}") = "Stock", "Stock\Stock.csproj", "{E371C4DA-FC6E-464C-A4F9-8EF76A656EE1}"
EndProject
Project("{54435603-DBB4-11D2-8724-00A0C9A8B90C}") = "StoCom", "StoCom\StoCom.vdproj", "{2282A471-C70E-4FCB-BBC9-EE69B47C34B3}"
EndProject
Global
	GlobalSection(SolutionConfigurationPlatforms) = preSolution
		Debug|Any CPU = Debug|Any CPU
		Release|Any CPU = Release|Any CPU
	EndGlobalSection
	GlobalSection(ProjectConfigurationPlatforms) = postSolution
		{E371C4DA-FC6E-464C-A4F9-8EF76A656EE1}.Debug|Any CPU.ActiveCfg = Debug|Any CPU
		{E371C4DA-FC6E-464C-A4F9-8EF76A656EE1}.Debug|Any CPU.Build.0 = Debug|Any CPU
		{E371C4DA-FC6E-464C-A4F9-8EF76A656EE1}.Release|Any CPU.ActiveCfg = Release|Any CPU
		{E371C4DA-FC6E-464C-A4F9-8EF76A656EE1}.Release|Any CPU.Build.0 = Release|Any CPU
		{2282A471-C70E-4FCB-BBC9-EE69B47C34B3}.Debug|Any CPU.ActiveCfg = Debug
		{2282A471-C70E-4FCB-BBC9-EE69B47C34B3}.Release|Any CPU.ActiveCfg = Release
	EndGlobalSection
	GlobalSection(SolutionProperties) = preSolution
		HideSolutionNode = FALSE
	EndGlobalSection
	GlobalSection(ExtensibilityGlobals) = postSolution
		SolutionGuid = {B6D7EF0B-D3D4-447E-9820-1D54DD3B8EFD}
	EndGlobalSection
EndGlobal
